{
  "requires": true,
  "lockfileVersion": 1,
  "dependencies": {
    "@types/chart.js": {
      "version": "2.9.38",
      "resolved": "https://registry.npmjs.org/@types/chart.js/-/chart.js-2.9.38.tgz",
      "integrity": "sha512-rLoHHprkVEDpAXqke/xHalyXR+5Nv+3tfViwT/UnJZ41Wp/XPaSRlJKw2PU3S3tTCqKKyjkYai+VpeHoti79XQ==",
      "dev": true,
      "requires": {
        "moment": "^2.10.2"
      }
    },
    "moment": {
      "version": "2.30.1",
      "resolved": "https://registry.npmjs.org/moment/-/moment-2.30.1.tgz",
      "integrity": "sha512-uEmtNhbDOrWPFS+hdjFCBfy9f2YoyzRpwcl+DqpC6taX21FzsTLQVbMV/W7PzNSX6x/bhC1zA3c2UQ5NzH6how==",
      "dev": true
    },
    "types-registry": {
      "version": "0.1.685",
      "resolved": "https://registry.npmjs.org/types-registry/-/types-registry-0.1.685.tgz",
      "integrity": "sha512-dC3Nqu/q2Ey8Jj/YV0plEub0oycMiu3VaAf+tf8X5uhtiRS4iF1BubY5cra1LIaKr+fTblxQvoVAYIPeVj1A9g=="
    }
  }
}
